
Microsoft Visual Studio Solution File, Format Version 12.00
# Visual Studio 15
VisualStudioVersion = 15.0.27004.2002
MinimumVisualStudioVersion = 10.0.40219.1
Project("{9A19103F-16F7-4668-BE54-9A1E7A4F7556}") = "GetThiqqq", "GetThiqqq\GetThiqqq.csproj", "{BECE4C64-63E3-453E-B648-8DDD7174F0DE}"
EndProject
Project("{9A19103F-16F7-4668-BE54-9A1E7A4F7556}") = "GetThiqqqBase", "GetThiqqqBase\GetThiqqqBase.csproj", "{13167BC9-1DC8-4609-B73E-D94FE7F36FA3}"
	ProjectSection(ProjectDependencies) = postProject
		{BECE4C64-63E3-453E-B648-8DDD7174F0DE} = {BECE4C64-63E3-453E-B648-8DDD7174F0DE}
	EndProjectSection
EndProject
Project("{9A19103F-16F7-4668-BE54-9A1E7A4F7556}") = "GetThiqqUnitTests", "GetThiqqUnitTests\GetThiqqUnitTests.csproj", "{DD440A8A-DA03-4A37-9007-C70C69728FF9}"
EndProject
Global
	GlobalSection(SolutionConfigurationPlatforms) = preSolution
		Debug|Any CPU = Debug|Any CPU
		Release|Any CPU = Release|Any CPU
	EndGlobalSection
	GlobalSection(ProjectConfigurationPlatforms) = postSolution
		{BECE4C64-63E3-453E-B648-8DDD7174F0DE}.Debug|Any CPU.ActiveCfg = Debug|Any CPU
		{BECE4C64-63E3-453E-B648-8DDD7174F0DE}.Debug|Any CPU.Build.0 = Debug|Any CPU
		{BECE4C64-63E3-453E-B648-8DDD7174F0DE}.Release|Any CPU.ActiveCfg = Release|Any CPU
		{BECE4C64-63E3-453E-B648-8DDD7174F0DE}.Release|Any CPU.Build.0 = Release|Any CPU
		{13167BC9-1DC8-4609-B73E-D94FE7F36FA3}.Debug|Any CPU.ActiveCfg = Debug|Any CPU
		{13167BC9-1DC8-4609-B73E-D94FE7F36FA3}.Debug|Any CPU.Build.0 = Debug|Any CPU
		{13167BC9-1DC8-4609-B73E-D94FE7F36FA3}.Release|Any CPU.ActiveCfg = Release|Any CPU
		{13167BC9-1DC8-4609-B73E-D94FE7F36FA3}.Release|Any CPU.Build.0 = Release|Any CPU
		{DD440A8A-DA03-4A37-9007-C70C69728FF9}.Debug|Any CPU.ActiveCfg = Debug|Any CPU
		{DD440A8A-DA03-4A37-9007-C70C69728FF9}.Debug|Any CPU.Build.0 = Debug|Any CPU
		{DD440A8A-DA03-4A37-9007-C70C69728FF9}.Release|Any CPU.ActiveCfg = Release|Any CPU
		{DD440A8A-DA03-4A37-9007-C70C69728FF9}.Release|Any CPU.Build.0 = Release|Any CPU
	EndGlobalSection
	GlobalSection(SolutionProperties) = preSolution
		HideSolutionNode = FALSE
	EndGlobalSection
	GlobalSection(ExtensibilityGlobals) = postSolution
		SolutionGuid = {3B1015DB-7C4C-41CE-ABCC-916247E2C901}
	EndGlobalSection
EndGlobal
